
Microsoft Visual Studio Solution File, Format Version 12.00
# Visual Studio Version 16
VisualStudioVersion = 16.0.29418.71
MinimumVisualStudioVersion = 10.0.40219.1
Project("{FAE04EC0-301F-11D3-BF4B-00C04F79EFBC}") = "Modul01_HalloWorld", "HalloWorld\Modul01_HalloWorld.csproj", "{2687FDAF-F4CD-489B-9BD5-3F7620F569B6}"
EndProject
Project("{FAE04EC0-301F-11D3-BF4B-00C04F79EFBC}") = "Lab01_Minirechner", "Minirechner\Lab01_Minirechner.csproj", "{0B1E645E-4471-4BBD-A066-F242F84AE495}"
EndProject
Project("{FAE04EC0-301F-11D3-BF4B-00C04F79EFBC}") = "Modul02_Kontrollstrukturen", "Kontrollstrukturen\Modul02_Kontrollstrukturen.csproj", "{6E840910-31A9-455E-B695-4A97E9317605}"
EndProject
Project("{FAE04EC0-301F-11D3-BF4B-00C04F79EFBC}") = "Zufallszahlenraten", "Zufallszahlenraten\Zufallszahlenraten.csproj", "{0089B9F4-0120-483B-95FE-5D1571DAA458}"
EndProject
Project("{FAE04EC0-301F-11D3-BF4B-00C04F79EFBC}") = "Lab02_Lotto", "Lotto\Lab02_Lotto.csproj", "{6C2961DC-2F95-49ED-88CC-F0608B40FEBD}"
EndProject
Global
	GlobalSection(SolutionConfigurationPlatforms) = preSolution
		Debug|Any CPU = Debug|Any CPU
		Release|Any CPU = Release|Any CPU
	EndGlobalSection
	GlobalSection(ProjectConfigurationPlatforms) = postSolution
		{2687FDAF-F4CD-489B-9BD5-3F7620F569B6}.Debug|Any CPU.ActiveCfg = Debug|Any CPU
		{2687FDAF-F4CD-489B-9BD5-3F7620F569B6}.Debug|Any CPU.Build.0 = Debug|Any CPU
		{2687FDAF-F4CD-489B-9BD5-3F7620F569B6}.Release|Any CPU.ActiveCfg = Release|Any CPU
		{2687FDAF-F4CD-489B-9BD5-3F7620F569B6}.Release|Any CPU.Build.0 = Release|Any CPU
		{0B1E645E-4471-4BBD-A066-F242F84AE495}.Debug|Any CPU.ActiveCfg = Debug|Any CPU
		{0B1E645E-4471-4BBD-A066-F242F84AE495}.Debug|Any CPU.Build.0 = Debug|Any CPU
		{0B1E645E-4471-4BBD-A066-F242F84AE495}.Release|Any CPU.ActiveCfg = Release|Any CPU
		{0B1E645E-4471-4BBD-A066-F242F84AE495}.Release|Any CPU.Build.0 = Release|Any CPU
		{6E840910-31A9-455E-B695-4A97E9317605}.Debug|Any CPU.ActiveCfg = Debug|Any CPU
		{6E840910-31A9-455E-B695-4A97E9317605}.Debug|Any CPU.Build.0 = Debug|Any CPU
		{6E840910-31A9-455E-B695-4A97E9317605}.Release|Any CPU.ActiveCfg = Release|Any CPU
		{6E840910-31A9-455E-B695-4A97E9317605}.Release|Any CPU.Build.0 = Release|Any CPU
		{0089B9F4-0120-483B-95FE-5D1571DAA458}.Debug|Any CPU.ActiveCfg = Debug|Any CPU
		{0089B9F4-0120-483B-95FE-5D1571DAA458}.Debug|Any CPU.Build.0 = Debug|Any CPU
		{0089B9F4-0120-483B-95FE-5D1571DAA458}.Release|Any CPU.ActiveCfg = Release|Any CPU
		{0089B9F4-0120-483B-95FE-5D1571DAA458}.Release|Any CPU.Build.0 = Release|Any CPU
		{6C2961DC-2F95-49ED-88CC-F0608B40FEBD}.Debug|Any CPU.ActiveCfg = Debug|Any CPU
		{6C2961DC-2F95-49ED-88CC-F0608B40FEBD}.Debug|Any CPU.Build.0 = Debug|Any CPU
		{6C2961DC-2F95-49ED-88CC-F0608B40FEBD}.Release|Any CPU.ActiveCfg = Release|Any CPU
		{6C2961DC-2F95-49ED-88CC-F0608B40FEBD}.Release|Any CPU.Build.0 = Release|Any CPU
	EndGlobalSection
	GlobalSection(SolutionProperties) = preSolution
		HideSolutionNode = FALSE
	EndGlobalSection
	GlobalSection(ExtensibilityGlobals) = postSolution
		SolutionGuid = {D0D79733-CF90-4B9F-8493-A99BA7672C9D}
	EndGlobalSection
EndGlobal
