
Microsoft Visual Studio Solution File, Format Version 12.00
# Visual Studio Version 16
VisualStudioVersion = 16.0.29418.71
MinimumVisualStudioVersion = 10.0.40219.1
Project("{FAE04EC0-301F-11D3-BF4B-00C04F79EFBC}") = "Modul01_HalloWorld", "HalloWorld\Modul01_HalloWorld.csproj", "{2687FDAF-F4CD-489B-9BD5-3F7620F569B6}"
EndProject
Project("{FAE04EC0-301F-11D3-BF4B-00C04F79EFBC}") = "Lab01_Minirechner", "Minirechner\Lab01_Minirechner.csproj", "{0B1E645E-4471-4BBD-A066-F242F84AE495}"
EndProject
Global
	GlobalSection(SolutionConfigurationPlatforms) = preSolution
		Debug|Any CPU = Debug|Any CPU
		Release|Any CPU = Release|Any CPU
	EndGlobalSection
	GlobalSection(ProjectConfigurationPlatforms) = postSolution
		{2687FDAF-F4CD-489B-9BD5-3F7620F569B6}.Debug|Any CPU.ActiveCfg = Debug|Any CPU
		{2687FDAF-F4CD-489B-9BD5-3F7620F569B6}.Debug|Any CPU.Build.0 = Debug|Any CPU
		{2687FDAF-F4CD-489B-9BD5-3F7620F569B6}.Release|Any CPU.ActiveCfg = Release|Any CPU
		{2687FDAF-F4CD-489B-9BD5-3F7620F569B6}.Release|Any CPU.Build.0 = Release|Any CPU
		{0B1E645E-4471-4BBD-A066-F242F84AE495}.Debug|Any CPU.ActiveCfg = Debug|Any CPU
		{0B1E645E-4471-4BBD-A066-F242F84AE495}.Debug|Any CPU.Build.0 = Debug|Any CPU
		{0B1E645E-4471-4BBD-A066-F242F84AE495}.Release|Any CPU.ActiveCfg = Release|Any CPU
		{0B1E645E-4471-4BBD-A066-F242F84AE495}.Release|Any CPU.Build.0 = Release|Any CPU
	EndGlobalSection
	GlobalSection(SolutionProperties) = preSolution
		HideSolutionNode = FALSE
	EndGlobalSection
	GlobalSection(ExtensibilityGlobals) = postSolution
		SolutionGuid = {D0D79733-CF90-4B9F-8493-A99BA7672C9D}
	EndGlobalSection
EndGlobal
