
Microsoft Visual Studio Solution File, Format Version 12.00
# Visual Studio Version 16
VisualStudioVersion = 16.0.29418.71
MinimumVisualStudioVersion = 10.0.40219.1
Project("{FAE04EC0-301F-11D3-BF4B-00C04F79EFBC}") = "Modul01_HalloWorld", "HalloWorld\Modul01_HalloWorld.csproj", "{2687FDAF-F4CD-489B-9BD5-3F7620F569B6}"
EndProject
Project("{FAE04EC0-301F-11D3-BF4B-00C04F79EFBC}") = "Lab01_Minirechner", "Minirechner\Lab01_Minirechner.csproj", "{0B1E645E-4471-4BBD-A066-F242F84AE495}"
EndProject
Project("{FAE04EC0-301F-11D3-BF4B-00C04F79EFBC}") = "Modul02.1_Kontrollstrukturen", "Kontrollstrukturen\Modul02.1_Kontrollstrukturen.csproj", "{6E840910-31A9-455E-B695-4A97E9317605}"
EndProject
Project("{FAE04EC0-301F-11D3-BF4B-00C04F79EFBC}") = "Modul02.2_Zufallszahlenraten", "Zufallszahlenraten\Modul02.2_Zufallszahlenraten.csproj", "{0089B9F4-0120-483B-95FE-5D1571DAA458}"
EndProject
Project("{FAE04EC0-301F-11D3-BF4B-00C04F79EFBC}") = "Lab02_Lotto", "Lotto\Lab02_Lotto.csproj", "{6C2961DC-2F95-49ED-88CC-F0608B40FEBD}"
EndProject
Project("{FAE04EC0-301F-11D3-BF4B-00C04F79EFBC}") = "Modul03.1_Enumeratoren", "Enumeratoren\Modul03.1_Enumeratoren.csproj", "{F6F96700-0CAD-4DC1-84AA-CA40EDB867AE}"
EndProject
Project("{FAE04EC0-301F-11D3-BF4B-00C04F79EFBC}") = "Modul03.2_Funktionen", "Funktionen\Modul03.2_Funktionen.csproj", "{BFEF1BA1-17CE-48D4-B527-8DF92599B184}"
EndProject
Project("{FAE04EC0-301F-11D3-BF4B-00C04F79EFBC}") = "Lab03_Taschenrechner", "Taschenrechner\Lab03_Taschenrechner.csproj", "{04BDAD12-0432-4DEA-80DB-C8A977AD774B}"
EndProject
Project("{FAE04EC0-301F-11D3-BF4B-00C04F79EFBC}") = "Modul04.1f_Fahrzeugpark", "Fahrzeugpark\Modul04.1f_Fahrzeugpark.csproj", "{48B1CAC9-0E7B-42E0-881B-9D5B7C5C9CC5}"
EndProject
Project("{FAE04EC0-301F-11D3-BF4B-00C04F79EFBC}") = "Modul04.2f_TesteFahrzeugpark", "TesteFahrzeugpark\Modul04.2f_TesteFahrzeugpark.csproj", "{A0E32CC8-E8B3-4F77-9881-0C7F059A5859}"
EndProject
Project("{FAE04EC0-301F-11D3-BF4B-00C04F79EFBC}") = "WdhPolymorphismus", "WdhPolymorphismus\WdhPolymorphismus.csproj", "{83113E2D-8C97-4125-B97D-60F002A3FCDD}"
EndProject
Project("{FAE04EC0-301F-11D3-BF4B-00C04F79EFBC}") = "Modul08_ExceptionHandling", "ExceptionHandling\Modul08_ExceptionHandling.csproj", "{5CEE2D69-EA0F-4166-8D1C-25232D0A4EBA}"
EndProject
Project("{FAE04EC0-301F-11D3-BF4B-00C04F79EFBC}") = "UnitTestFahrzeugpark", "UnitTestFahrzeugpark\UnitTestFahrzeugpark.csproj", "{9EE68F9B-8283-42C9-A4C2-1383C59B78BE}"
EndProject
Project("{FAE04EC0-301F-11D3-BF4B-00C04F79EFBC}") = "Delegates", "Delegates\Delegates.csproj", "{530B7B40-6262-485F-871B-41B7273CD143}"
EndProject
Project("{FAE04EC0-301F-11D3-BF4B-00C04F79EFBC}") = "WindowsFormsBsp", "WindowsFormsBsp\WindowsFormsBsp.csproj", "{5AD0E319-439C-4F4F-BEBA-42A8CFF698E6}"
EndProject
Global
	GlobalSection(SolutionConfigurationPlatforms) = preSolution
		Debug|Any CPU = Debug|Any CPU
		Release|Any CPU = Release|Any CPU
	EndGlobalSection
	GlobalSection(ProjectConfigurationPlatforms) = postSolution
		{2687FDAF-F4CD-489B-9BD5-3F7620F569B6}.Debug|Any CPU.ActiveCfg = Debug|Any CPU
		{2687FDAF-F4CD-489B-9BD5-3F7620F569B6}.Debug|Any CPU.Build.0 = Debug|Any CPU
		{2687FDAF-F4CD-489B-9BD5-3F7620F569B6}.Release|Any CPU.ActiveCfg = Release|Any CPU
		{2687FDAF-F4CD-489B-9BD5-3F7620F569B6}.Release|Any CPU.Build.0 = Release|Any CPU
		{0B1E645E-4471-4BBD-A066-F242F84AE495}.Debug|Any CPU.ActiveCfg = Debug|Any CPU
		{0B1E645E-4471-4BBD-A066-F242F84AE495}.Debug|Any CPU.Build.0 = Debug|Any CPU
		{0B1E645E-4471-4BBD-A066-F242F84AE495}.Release|Any CPU.ActiveCfg = Release|Any CPU
		{0B1E645E-4471-4BBD-A066-F242F84AE495}.Release|Any CPU.Build.0 = Release|Any CPU
		{6E840910-31A9-455E-B695-4A97E9317605}.Debug|Any CPU.ActiveCfg = Debug|Any CPU
		{6E840910-31A9-455E-B695-4A97E9317605}.Debug|Any CPU.Build.0 = Debug|Any CPU
		{6E840910-31A9-455E-B695-4A97E9317605}.Release|Any CPU.ActiveCfg = Release|Any CPU
		{6E840910-31A9-455E-B695-4A97E9317605}.Release|Any CPU.Build.0 = Release|Any CPU
		{0089B9F4-0120-483B-95FE-5D1571DAA458}.Debug|Any CPU.ActiveCfg = Debug|Any CPU
		{0089B9F4-0120-483B-95FE-5D1571DAA458}.Debug|Any CPU.Build.0 = Debug|Any CPU
		{0089B9F4-0120-483B-95FE-5D1571DAA458}.Release|Any CPU.ActiveCfg = Release|Any CPU
		{0089B9F4-0120-483B-95FE-5D1571DAA458}.Release|Any CPU.Build.0 = Release|Any CPU
		{6C2961DC-2F95-49ED-88CC-F0608B40FEBD}.Debug|Any CPU.ActiveCfg = Debug|Any CPU
		{6C2961DC-2F95-49ED-88CC-F0608B40FEBD}.Debug|Any CPU.Build.0 = Debug|Any CPU
		{6C2961DC-2F95-49ED-88CC-F0608B40FEBD}.Release|Any CPU.ActiveCfg = Release|Any CPU
		{6C2961DC-2F95-49ED-88CC-F0608B40FEBD}.Release|Any CPU.Build.0 = Release|Any CPU
		{F6F96700-0CAD-4DC1-84AA-CA40EDB867AE}.Debug|Any CPU.ActiveCfg = Debug|Any CPU
		{F6F96700-0CAD-4DC1-84AA-CA40EDB867AE}.Debug|Any CPU.Build.0 = Debug|Any CPU
		{F6F96700-0CAD-4DC1-84AA-CA40EDB867AE}.Release|Any CPU.ActiveCfg = Release|Any CPU
		{F6F96700-0CAD-4DC1-84AA-CA40EDB867AE}.Release|Any CPU.Build.0 = Release|Any CPU
		{BFEF1BA1-17CE-48D4-B527-8DF92599B184}.Debug|Any CPU.ActiveCfg = Debug|Any CPU
		{BFEF1BA1-17CE-48D4-B527-8DF92599B184}.Debug|Any CPU.Build.0 = Debug|Any CPU
		{BFEF1BA1-17CE-48D4-B527-8DF92599B184}.Release|Any CPU.ActiveCfg = Release|Any CPU
		{BFEF1BA1-17CE-48D4-B527-8DF92599B184}.Release|Any CPU.Build.0 = Release|Any CPU
		{04BDAD12-0432-4DEA-80DB-C8A977AD774B}.Debug|Any CPU.ActiveCfg = Debug|Any CPU
		{04BDAD12-0432-4DEA-80DB-C8A977AD774B}.Debug|Any CPU.Build.0 = Debug|Any CPU
		{04BDAD12-0432-4DEA-80DB-C8A977AD774B}.Release|Any CPU.ActiveCfg = Release|Any CPU
		{04BDAD12-0432-4DEA-80DB-C8A977AD774B}.Release|Any CPU.Build.0 = Release|Any CPU
		{48B1CAC9-0E7B-42E0-881B-9D5B7C5C9CC5}.Debug|Any CPU.ActiveCfg = Debug|Any CPU
		{48B1CAC9-0E7B-42E0-881B-9D5B7C5C9CC5}.Debug|Any CPU.Build.0 = Debug|Any CPU
		{48B1CAC9-0E7B-42E0-881B-9D5B7C5C9CC5}.Release|Any CPU.ActiveCfg = Release|Any CPU
		{48B1CAC9-0E7B-42E0-881B-9D5B7C5C9CC5}.Release|Any CPU.Build.0 = Release|Any CPU
		{A0E32CC8-E8B3-4F77-9881-0C7F059A5859}.Debug|Any CPU.ActiveCfg = Debug|Any CPU
		{A0E32CC8-E8B3-4F77-9881-0C7F059A5859}.Debug|Any CPU.Build.0 = Debug|Any CPU
		{A0E32CC8-E8B3-4F77-9881-0C7F059A5859}.Release|Any CPU.ActiveCfg = Release|Any CPU
		{A0E32CC8-E8B3-4F77-9881-0C7F059A5859}.Release|Any CPU.Build.0 = Release|Any CPU
		{83113E2D-8C97-4125-B97D-60F002A3FCDD}.Debug|Any CPU.ActiveCfg = Debug|Any CPU
		{83113E2D-8C97-4125-B97D-60F002A3FCDD}.Debug|Any CPU.Build.0 = Debug|Any CPU
		{83113E2D-8C97-4125-B97D-60F002A3FCDD}.Release|Any CPU.ActiveCfg = Release|Any CPU
		{83113E2D-8C97-4125-B97D-60F002A3FCDD}.Release|Any CPU.Build.0 = Release|Any CPU
		{5CEE2D69-EA0F-4166-8D1C-25232D0A4EBA}.Debug|Any CPU.ActiveCfg = Debug|Any CPU
		{5CEE2D69-EA0F-4166-8D1C-25232D0A4EBA}.Debug|Any CPU.Build.0 = Debug|Any CPU
		{5CEE2D69-EA0F-4166-8D1C-25232D0A4EBA}.Release|Any CPU.ActiveCfg = Release|Any CPU
		{5CEE2D69-EA0F-4166-8D1C-25232D0A4EBA}.Release|Any CPU.Build.0 = Release|Any CPU
		{9EE68F9B-8283-42C9-A4C2-1383C59B78BE}.Debug|Any CPU.ActiveCfg = Debug|Any CPU
		{9EE68F9B-8283-42C9-A4C2-1383C59B78BE}.Debug|Any CPU.Build.0 = Debug|Any CPU
		{9EE68F9B-8283-42C9-A4C2-1383C59B78BE}.Release|Any CPU.ActiveCfg = Release|Any CPU
		{9EE68F9B-8283-42C9-A4C2-1383C59B78BE}.Release|Any CPU.Build.0 = Release|Any CPU
		{530B7B40-6262-485F-871B-41B7273CD143}.Debug|Any CPU.ActiveCfg = Debug|Any CPU
		{530B7B40-6262-485F-871B-41B7273CD143}.Debug|Any CPU.Build.0 = Debug|Any CPU
		{530B7B40-6262-485F-871B-41B7273CD143}.Release|Any CPU.ActiveCfg = Release|Any CPU
		{530B7B40-6262-485F-871B-41B7273CD143}.Release|Any CPU.Build.0 = Release|Any CPU
		{5AD0E319-439C-4F4F-BEBA-42A8CFF698E6}.Debug|Any CPU.ActiveCfg = Debug|Any CPU
		{5AD0E319-439C-4F4F-BEBA-42A8CFF698E6}.Debug|Any CPU.Build.0 = Debug|Any CPU
		{5AD0E319-439C-4F4F-BEBA-42A8CFF698E6}.Release|Any CPU.ActiveCfg = Release|Any CPU
		{5AD0E319-439C-4F4F-BEBA-42A8CFF698E6}.Release|Any CPU.Build.0 = Release|Any CPU
	EndGlobalSection
	GlobalSection(SolutionProperties) = preSolution
		HideSolutionNode = FALSE
	EndGlobalSection
	GlobalSection(ExtensibilityGlobals) = postSolution
		SolutionGuid = {D0D79733-CF90-4B9F-8493-A99BA7672C9D}
	EndGlobalSection
EndGlobal
